
Microsoft Visual Studio Solution File, Format Version 12.00
# Visual Studio Version 17
VisualStudioVersion = 17.4.33205.214
MinimumVisualStudioVersion = 10.0.40219.1
Project("{8BC9CEB8-8B4A-11D0-8D11-00A0C91BC942}") = "2023.03.13 函数", "2023.03.13 函数.vcxproj", "{DF9C7CDE-7F65-4CD8-A6CC-224AF8E9EC63}"
EndProject
Global
	GlobalSection(SolutionConfigurationPlatforms) = preSolution
		Debug|x64 = Debug|x64
		Debug|x86 = Debug|x86
		Release|x64 = Release|x64
		Release|x86 = Release|x86
	EndGlobalSection
	GlobalSection(ProjectConfigurationPlatforms) = postSolution
		{DF9C7CDE-7F65-4CD8-A6CC-224AF8E9EC63}.Debug|x64.ActiveCfg = Debug|x64
		{DF9C7CDE-7F65-4CD8-A6CC-224AF8E9EC63}.Debug|x64.Build.0 = Debug|x64
		{DF9C7CDE-7F65-4CD8-A6CC-224AF8E9EC63}.Debug|x86.ActiveCfg = Debug|Win32
		{DF9C7CDE-7F65-4CD8-A6CC-224AF8E9EC63}.Debug|x86.Build.0 = Debug|Win32
		{DF9C7CDE-7F65-4CD8-A6CC-224AF8E9EC63}.Release|x64.ActiveCfg = Release|x64
		{DF9C7CDE-7F65-4CD8-A6CC-224AF8E9EC63}.Release|x64.Build.0 = Release|x64
		{DF9C7CDE-7F65-4CD8-A6CC-224AF8E9EC63}.Release|x86.ActiveCfg = Release|Win32
		{DF9C7CDE-7F65-4CD8-A6CC-224AF8E9EC63}.Release|x86.Build.0 = Release|Win32
	EndGlobalSection
	GlobalSection(SolutionProperties) = preSolution
		HideSolutionNode = FALSE
	EndGlobalSection
	GlobalSection(ExtensibilityGlobals) = postSolution
		SolutionGuid = {AC457675-49E2-47B0-B313-073F0FEE6AE9}
	EndGlobalSection
EndGlobal
