
Microsoft Visual Studio Solution File, Format Version 12.00
# Visual Studio Version 17
VisualStudioVersion = 17.4.33205.214
MinimumVisualStudioVersion = 10.0.40219.1
Project("{8BC9CEB8-8B4A-11D0-8D11-00A0C91BC942}") = "2023.01.07 循环语句 do while 2", "2023.01.07 循环语句 do while 2.vcxproj", "{9B748E40-A2A5-4D17-9F64-4CF81858C3FE}"
EndProject
Global
	GlobalSection(SolutionConfigurationPlatforms) = preSolution
		Debug|x64 = Debug|x64
		Debug|x86 = Debug|x86
		Release|x64 = Release|x64
		Release|x86 = Release|x86
	EndGlobalSection
	GlobalSection(ProjectConfigurationPlatforms) = postSolution
		{9B748E40-A2A5-4D17-9F64-4CF81858C3FE}.Debug|x64.ActiveCfg = Debug|x64
		{9B748E40-A2A5-4D17-9F64-4CF81858C3FE}.Debug|x64.Build.0 = Debug|x64
		{9B748E40-A2A5-4D17-9F64-4CF81858C3FE}.Debug|x86.ActiveCfg = Debug|Win32
		{9B748E40-A2A5-4D17-9F64-4CF81858C3FE}.Debug|x86.Build.0 = Debug|Win32
		{9B748E40-A2A5-4D17-9F64-4CF81858C3FE}.Release|x64.ActiveCfg = Release|x64
		{9B748E40-A2A5-4D17-9F64-4CF81858C3FE}.Release|x64.Build.0 = Release|x64
		{9B748E40-A2A5-4D17-9F64-4CF81858C3FE}.Release|x86.ActiveCfg = Release|Win32
		{9B748E40-A2A5-4D17-9F64-4CF81858C3FE}.Release|x86.Build.0 = Release|Win32
	EndGlobalSection
	GlobalSection(SolutionProperties) = preSolution
		HideSolutionNode = FALSE
	EndGlobalSection
	GlobalSection(ExtensibilityGlobals) = postSolution
		SolutionGuid = {48DA1190-B134-4FC9-94CA-6E2C23B512E0}
	EndGlobalSection
EndGlobal
